
Microsoft Visual Studio Solution File, Format Version 12.00
# Visual Studio Version 16
VisualStudioVersion = 16.0.31410.357
MinimumVisualStudioVersion = 10.0.40219.1
Project("{7CF6DF6D-3B04-46F8-A40B-537D21BCA0B4}") = "Documentation", "Documentation\Documentation.shfbproj", "{450ECF06-6A9E-4761-95E1-FC70B2B666CF}"
EndProject
Global
	GlobalSection(SolutionConfigurationPlatforms) = preSolution
		Debug|Any CPU = Debug|Any CPU
		Release|Any CPU = Release|Any CPU
	EndGlobalSection
	GlobalSection(ProjectConfigurationPlatforms) = postSolution
		{450ECF06-6A9E-4761-95E1-FC70B2B666CF}.Debug|Any CPU.ActiveCfg = Debug|Any CPU
		{450ECF06-6A9E-4761-95E1-FC70B2B666CF}.Debug|Any CPU.Build.0 = Debug|Any CPU
		{450ECF06-6A9E-4761-95E1-FC70B2B666CF}.Release|Any CPU.ActiveCfg = Release|Any CPU
		{450ECF06-6A9E-4761-95E1-FC70B2B666CF}.Release|Any CPU.Build.0 = Release|Any CPU
	EndGlobalSection
	GlobalSection(SolutionProperties) = preSolution
		HideSolutionNode = FALSE
	EndGlobalSection
	GlobalSection(ExtensibilityGlobals) = postSolution
		SolutionGuid = {4B18E6DE-7A05-4082-87B6-5F2F8C22D402}
	EndGlobalSection
EndGlobal
